// !$*UTF8*$!
{
	archiveVersion = 1;
	classes = {
	};
	objectVersion = 77;
	objects = {

/* Begin PBXBuildFile section */
		354A0FB2CDAD2827657225FA /* RealmSwift in Frameworks */ = {isa = PBXBuildFile; productRef = 8F42F787DAE7CD7209CD2F36 /* RealmSwift */; };
		6D16985D3057915900EE7B65 /* Common in Frameworks */ = {isa = PBXBuildFile; productRef = 6D16985C3057915900EE7B65 /* Common */; };
		6D16985F3057915900EE7B65 /* ExploreFeature in Frameworks */ = {isa = PBXBuildFile; productRef = 6D16985E3057915900EE7B65 /* ExploreFeature */; };
		6D1698613057915900EE7B65 /* FieldGuideFeature in Frameworks */ = {isa = PBXBuildFile; productRef = 6D1698603057915900EE7B65 /* FieldGuideFeature */; };
		6D1698633057915900EE7B65 /* SearchFeature in Frameworks */ = {isa = PBXBuildFile; productRef = 6D1698623057915900EE7B65 /* SearchFeature */; };
		6D1698653057915900EE7B65 /* SpeciesDetailFeature in Frameworks */ = {isa = PBXBuildFile; productRef = 6D1698643057915900EE7B65 /* SpeciesDetailFeature */; };
		6DC0CB3F304F0245006C7F97 /* Alamofire in Frameworks */ = {isa = PBXBuildFile; productRef = 6DC0CB3E304F0245006C7F97 /* Alamofire */; };
		6DC0CB47304F06AA006C7F97 /* RealmSwift in Frameworks */ = {isa = PBXBuildFile; productRef = 6DC0CB46304F06AA006C7F97 /* RealmSwift */; };
		6DF23C2A304F0A4700A3742B /* Kingfisher in Frameworks */ = {isa = PBXBuildFile; productRef = 6DF23C29304F0A4700A3742B /* Kingfisher */; };
		6DF23C2C304F0A5400A3742B /* Swinject in Frameworks */ = {isa = PBXBuildFile; productRef = 6DF23C2B304F0A5400A3742B /* Swinject */; };
		BE615A9499560FA0B192CA64 /* Swinject in Frameworks */ = {isa = PBXBuildFile; productRef = A3B760134D7E327DA7CE5654 /* Swinject */; };
/* End PBXBuildFile section */

/* Begin PBXContainerItemProxy section */
		6DC0CB1F304F001E006C7F97 /* PBXContainerItemProxy */ = {
			isa = PBXContainerItemProxy;
			containerPortal = 6DC0CB09304F001C006C7F97 /* Project object */;
			proxyType = 1;
			remoteGlobalIDString = 6DC0CB10304F001C006C7F97;
			remoteInfo = NaturaPulse;
		};
		6DC0CB29304F001E006C7F97 /* PBXContainerItemProxy */ = {
			isa = PBXContainerItemProxy;
			containerPortal = 6DC0CB09304F001C006C7F97 /* Project object */;
			proxyType = 1;
			remoteGlobalIDString = 6DC0CB10304F001C006C7F97;
			remoteInfo = NaturaPulse;
		};
/* End PBXContainerItemProxy section */

/* Begin PBXFileReference section */
		6D70A14F3056F429006A9E1C /* Common */ = {isa = PBXFileReference; lastKnownFileType = wrapper; name = Common; path = Modules/Common; sourceTree = "<group>"; };
		6D70A1503056F550006A9E1C /* ExploreFeature */ = {isa = PBXFileReference; lastKnownFileType = wrapper; name = ExploreFeature; path = Modules/ExploreFeature; sourceTree = "<group>"; };
		6D70A1513056F572006A9E1C /* SearchFeature */ = {isa = PBXFileReference; lastKnownFileType = wrapper; name = SearchFeature; path = Modules/SearchFeature; sourceTree = "<group>"; };
		6D70A1523056F593006A9E1C /* SpeciesDetailFeature */ = {isa = PBXFileReference; lastKnownFileType = wrapper; name = SpeciesDetailFeature; path = Modules/SpeciesDetailFeature; sourceTree = "<group>"; };
		6D70A1533056F5B4006A9E1C /* FieldGuideFeature */ = {isa = PBXFileReference; lastKnownFileType = wrapper; name = FieldGuideFeature; path = Modules/FieldGuideFeature; sourceTree = "<group>"; };
		6DC0CB11304F001C006C7F97 /* NaturaPulse.app */ = {isa = PBXFileReference; explicitFileType = wrapper.application; includeInIndex = 0; path = NaturaPulse.app; sourceTree = BUILT_PRODUCTS_DIR; };
		6DC0CB1E304F001E006C7F97 /* NaturaPulseTests.xctest */ = {isa = PBXFileReference; explicitFileType = wrapper.cfbundle; includeInIndex = 0; path = NaturaPulseTests.xctest; sourceTree = BUILT_PRODUCTS_DIR; };
		6DC0CB28304F001E006C7F97 /* NaturaPulseUITests.xctest */ = {isa = PBXFileReference; explicitFileType = wrapper.cfbundle; includeInIndex = 0; path = NaturaPulseUITests.xctest; sourceTree = BUILT_PRODUCTS_DIR; };
/* End PBXFileReference section */

/* Begin PBXFileSystemSynchronizedRootGroup section */
		6DC0CB13304F001C006C7F97 /* NaturaPulse */ = {
			isa = PBXFileSystemSynchronizedRootGroup;
			path = NaturaPulse;
			sourceTree = "<group>";
		};
		6DC0CB21304F001E006C7F97 /* NaturaPulseTests */ = {
			isa = PBXFileSystemSynchronizedRootGroup;
			path = NaturaPulseTests;
			sourceTree = "<group>";
		};
		6DC0CB2B304F001E006C7F97 /* NaturaPulseUITests */ = {
			isa = PBXFileSystemSynchronizedRootGroup;
			path = NaturaPulseUITests;
			sourceTree = "<group>";
		};
/* End PBXFileSystemSynchronizedRootGroup section */

/* Begin PBXFrameworksBuildPhase section */
		6DC0CB0E304F001C006C7F97 /* Frameworks */ = {
			isa = PBXFrameworksBuildPhase;
			buildActionMask = 2147483647;
			files = (
				6D16985D3057915900EE7B65 /* Common in Frameworks */,
				6D16985F3057915900EE7B65 /* ExploreFeature in Frameworks */,
				6DF23C2A304F0A4700A3742B /* Kingfisher in Frameworks */,
				6DC0CB47304F06AA006C7F97 /* RealmSwift in Frameworks */,
				6D1698613057915900EE7B65 /* FieldGuideFeature in Frameworks */,
				6DC0CB3F304F0245006C7F97 /* Alamofire in Frameworks */,
				6DF23C2C304F0A5400A3742B /* Swinject in Frameworks */,
				6D1698653057915900EE7B65 /* SpeciesDetailFeature in Frameworks */,
				6D1698633057915900EE7B65 /* SearchFeature in Frameworks */,
			);
			runOnlyForDeploymentPostprocessing = 0;
		};
		6DC0CB1B304F001E006C7F97 /* Frameworks */ = {
			isa = PBXFrameworksBuildPhase;
			buildActionMask = 2147483647;
			files = (
				354A0FB2CDAD2827657225FA /* RealmSwift in Frameworks */,
				BE615A9499560FA0B192CA64 /* Swinject in Frameworks */,
			);
			runOnlyForDeploymentPostprocessing = 0;
		};
		6DC0CB25304F001E006C7F97 /* Frameworks */ = {
			isa = PBXFrameworksBuildPhase;
			buildActionMask = 2147483647;
			files = (
			);
			runOnlyForDeploymentPostprocessing = 0;
		};
/* End PBXFrameworksBuildPhase section */

/* Begin PBXGroup section */
		6DC0CB08304F001C006C7F97 = {
			isa = PBXGroup;
			children = (
				6D70A1533056F5B4006A9E1C /* FieldGuideFeature */,
				6D70A1523056F593006A9E1C /* SpeciesDetailFeature */,
				6D70A1513056F572006A9E1C /* SearchFeature */,
				6D70A1503056F550006A9E1C /* ExploreFeature */,
				6D70A14F3056F429006A9E1C /* Common */,
				6DC0CB13304F001C006C7F97 /* NaturaPulse */,
				6DC0CB21304F001E006C7F97 /* NaturaPulseTests */,
				6DC0CB2B304F001E006C7F97 /* NaturaPulseUITests */,
				6DF23C28304F0A4700A3742B /* Frameworks */,
				6DC0CB12304F001C006C7F97 /* Products */,
			);
			sourceTree = "<group>";
		};
		6DC0CB12304F001C006C7F97 /* Products */ = {
			isa = PBXGroup;
			children = (
				6DC0CB11304F001C006C7F97 /* NaturaPulse.app */,
				6DC0CB1E304F001E006C7F97 /* NaturaPulseTests.xctest */,
				6DC0CB28304F001E006C7F97 /* NaturaPulseUITests.xctest */,
			);
			name = Products;
			sourceTree = "<group>";
		};
		6DF23C28304F0A4700A3742B /* Frameworks */ = {
			isa = PBXGroup;
			children = (
			);
			name = Frameworks;
			sourceTree = "<group>";
		};
/* End PBXGroup section */

/* Begin PBXNativeTarget section */
		6DC0CB10304F001C006C7F97 /* NaturaPulse */ = {
			isa = PBXNativeTarget;
			buildConfigurationList = 6DC0CB32304F001E006C7F97 /* Build configuration list for PBXNativeTarget "NaturaPulse" */;
			buildPhases = (
				6DC0CB0D304F001C006C7F97 /* Sources */,
				6DC0CB0E304F001C006C7F97 /* Frameworks */,
				6DC0CB0F304F001C006C7F97 /* Resources */,
			);
			buildRules = (
			);
			dependencies = (
			);
			fileSystemSynchronizedGroups = (
				6DC0CB13304F001C006C7F97 /* NaturaPulse */,
			);
			name = NaturaPulse;
			packageProductDependencies = (
				6DC0CB3E304F0245006C7F97 /* Alamofire */,
				6DC0CB46304F06AA006C7F97 /* RealmSwift */,
				6DF23C29304F0A4700A3742B /* Kingfisher */,
				6DF23C2B304F0A5400A3742B /* Swinject */,
				6D16985C3057915900EE7B65 /* Common */,
				6D16985E3057915900EE7B65 /* ExploreFeature */,
				6D1698603057915900EE7B65 /* FieldGuideFeature */,
				6D1698623057915900EE7B65 /* SearchFeature */,
				6D1698643057915900EE7B65 /* SpeciesDetailFeature */,
			);
			productName = NaturaPulse;
			productReference = 6DC0CB11304F001C006C7F97 /* NaturaPulse.app */;
			productType = "com.apple.product-type.application";
		};
		6DC0CB1D304F001E006C7F97 /* NaturaPulseTests */ = {
			isa = PBXNativeTarget;
			buildConfigurationList = 6DC0CB35304F001E006C7F97 /* Build configuration list for PBXNativeTarget "NaturaPulseTests" */;
			buildPhases = (
				6DC0CB1A304F001E006C7F97 /* Sources */,
				6DC0CB1B304F001E006C7F97 /* Frameworks */,
				6DC0CB1C304F001E006C7F97 /* Resources */,
			);
			buildRules = (
			);
			dependencies = (
				6DC0CB20304F001E006C7F97 /* PBXTargetDependency */,
			);
			fileSystemSynchronizedGroups = (
				6DC0CB21304F001E006C7F97 /* NaturaPulseTests */,
			);
			name = NaturaPulseTests;
			packageProductDependencies = (
				8F42F787DAE7CD7209CD2F36 /* RealmSwift */,
				A3B760134D7E327DA7CE5654 /* Swinject */,
			);
			productName = NaturaPulseTests;
			productReference = 6DC0CB1E304F001E006C7F97 /* NaturaPulseTests.xctest */;
			productType = "com.apple.product-type.bundle.unit-test";
		};
		6DC0CB27304F001E006C7F97 /* NaturaPulseUITests */ = {
			isa = PBXNativeTarget;
			buildConfigurationList = 6DC0CB38304F001E006C7F97 /* Build configuration list for PBXNativeTarget "NaturaPulseUITests" */;
			buildPhases = (
				6DC0CB24304F001E006C7F97 /* Sources */,
				6DC0CB25304F001E006C7F97 /* Frameworks */,
				6DC0CB26304F001E006C7F97 /* Resources */,
			);
			buildRules = (
			);
			dependencies = (
				6DC0CB2A304F001E006C7F97 /* PBXTargetDependency */,
			);
			fileSystemSynchronizedGroups = (
				6DC0CB2B304F001E006C7F97 /* NaturaPulseUITests */,
			);
			name = NaturaPulseUITests;
			packageProductDependencies = (
			);
			productName = NaturaPulseUITests;
			productReference = 6DC0CB28304F001E006C7F97 /* NaturaPulseUITests.xctest */;
			productType = "com.apple.product-type.bundle.ui-testing";
		};
/* End PBXNativeTarget section */

/* Begin PBXProject section */
		6DC0CB09304F001C006C7F97 /* Project object */ = {
			isa = PBXProject;
			attributes = {
				BuildIndependentTargetsInParallel = 1;
				LastSwiftUpdateCheck = 2660;
				LastUpgradeCheck = 2660;
				TargetAttributes = {
					6DC0CB10304F001C006C7F97 = {
						CreatedOnToolsVersion = 26.6;
					};
					6DC0CB1D304F001E006C7F97 = {
						CreatedOnToolsVersion = 26.6;
						TestTargetID = 6DC0CB10304F001C006C7F97;
					};
					6DC0CB27304F001E006C7F97 = {
						CreatedOnToolsVersion = 26.6;
						TestTargetID = 6DC0CB10304F001C006C7F97;
					};
				};
			};
			buildConfigurationList = 6DC0CB0C304F001C006C7F97 /* Build configuration list for PBXProject "NaturaPulse" */;
			developmentRegion = en;
			hasScannedForEncodings = 0;
			knownRegions = (
				en,
				Base,
			);
			mainGroup = 6DC0CB08304F001C006C7F97;
			minimizedProjectReferenceProxies = 1;
			packageReferences = (
				6DC0CB3B304F006D006C7F97 /* XCRemoteSwiftPackageReference "Kingfisher" */,
				6DC0CB3C304F00BC006C7F97 /* XCRemoteSwiftPackageReference "Swinject" */,
				6DC0CB3D304F0244006C7F97 /* XCRemoteSwiftPackageReference "alamofire" */,
				6DC0CB45304F06AA006C7F97 /* XCRemoteSwiftPackageReference "realm-swift" */,
			);
			preferredProjectObjectVersion = 77;
			productRefGroup = 6DC0CB12304F001C006C7F97 /* Products */;
			projectDirPath = "";
			projectRoot = "";
			targets = (
				6DC0CB10304F001C006C7F97 /* NaturaPulse */,
				6DC0CB1D304F001E006C7F97 /* NaturaPulseTests */,
				6DC0CB27304F001E006C7F97 /* NaturaPulseUITests */,
			);
		};
/* End PBXProject section */

/* Begin PBXResourcesBuildPhase section */
		6DC0CB0F304F001C006C7F97 /* Resources */ = {
			isa = PBXResourcesBuildPhase;
			buildActionMask = 2147483647;
			files = (
			);
			runOnlyForDeploymentPostprocessing = 0;
		};
		6DC0CB1C304F001E006C7F97 /* Resources */ = {
			isa = PBXResourcesBuildPhase;
			buildActionMask = 2147483647;
			files = (
			);
			runOnlyForDeploymentPostprocessing = 0;
		};
		6DC0CB26304F001E006C7F97 /* Resources */ = {
			isa = PBXResourcesBuildPhase;
			buildActionMask = 2147483647;
			files = (
			);
			runOnlyForDeploymentPostprocessing = 0;
		};
/* End PBXResourcesBuildPhase section */

/* Begin PBXSourcesBuildPhase section */
		6DC0CB0D304F001C006C7F97 /* Sources */ = {
			isa = PBXSourcesBuildPhase;
			buildActionMask = 2147483647;
			files = (
			);
			runOnlyForDeploymentPostprocessing = 0;
		};
		6DC0CB1A304F001E006C7F97 /* Sources */ = {
			isa = PBXSourcesBuildPhase;
			buildActionMask = 2147483647;
			files = (
			);
			runOnlyForDeploymentPostprocessing = 0;
		};
		6DC0CB24304F001E006C7F97 /* Sources */ = {
			isa = PBXSourcesBuildPhase;
			buildActionMask = 2147483647;
			files = (
			);
			runOnlyForDeploymentPostprocessing = 0;
		};
/* End PBXSourcesBuildPhase section */

/* Begin PBXTargetDependency section */
		6DC0CB20304F001E006C7F97 /* PBXTargetDependency */ = {
			isa = PBXTargetDependency;
			target = 6DC0CB10304F001C006C7F97 /* NaturaPulse */;
			targetProxy = 6DC0CB1F304F001E006C7F97 /* PBXContainerItemProxy */;
		};
		6DC0CB2A304F001E006C7F97 /* PBXTargetDependency */ = {
			isa = PBXTargetDependency;
			target = 6DC0CB10304F001C006C7F97 /* NaturaPulse */;
			targetProxy = 6DC0CB29304F001E006C7F97 /* PBXContainerItemProxy */;
		};
/* End PBXTargetDependency section */

/* Begin XCBuildConfiguration section */
		6DC0CB30304F001E006C7F97 /* Debug */ = {
			isa = XCBuildConfiguration;
			buildSettings = {
				ALWAYS_SEARCH_USER_PATHS = NO;
				ASSETCATALOG_COMPILER_GENERATE_SWIFT_ASSET_SYMBOL_EXTENSIONS = YES;
				CLANG_ANALYZER_NONNULL = YES;
				CLANG_ANALYZER_NUMBER_OBJECT_CONVERSION = YES_AGGRESSIVE;
				CLANG_CXX_LANGUAGE_STANDARD = "gnu++20";
				CLANG_ENABLE_MODULES = YES;
				CLANG_ENABLE_OBJC_ARC = YES;
				CLANG_ENABLE_OBJC_WEAK = YES;
				CLANG_WARN_BLOCK_CAPTURE_AUTORELEASING = YES;
				CLANG_WARN_BOOL_CONVERSION = YES;
				CLANG_WARN_COMMA = YES;
				CLANG_WARN_CONSTANT_CONVERSION = YES;
				CLANG_WARN_DEPRECATED_OBJC_IMPLEMENTATIONS = YES;
				CLANG_WARN_DIRECT_OBJC_ISA_USAGE = YES_ERROR;
				CLANG_WARN_DOCUMENTATION_COMMENTS = YES;
				CLANG_WARN_EMPTY_BODY = YES;
				CLANG_WARN_ENUM_CONVERSION = YES;
				CLANG_WARN_INFINITE_RECURSION = YES;
				CLANG_WARN_INT_CONVERSION = YES;
				CLANG_WARN_NON_LITERAL_NULL_CONVERSION = YES;
				CLANG_WARN_OBJC_IMPLICIT_RETAIN_SELF = YES;
				CLANG_WARN_OBJC_LITERAL_CONVERSION = YES;
				CLANG_WARN_OBJC_ROOT_CLASS = YES_ERROR;
				CLANG_WARN_QUOTED_INCLUDE_IN_FRAMEWORK_HEADER = YES;
				CLANG_WARN_RANGE_LOOP_ANALYSIS = YES;
				CLANG_WARN_STRICT_PROTOTYPES = YES;
				CLANG_WARN_SUSPICIOUS_MOVE = YES;
				CLANG_WARN_UNGUARDED_AVAILABILITY = YES_AGGRESSIVE;
				CLANG_WARN_UNREACHABLE_CODE = YES;
				CLANG_WARN__DUPLICATE_METHOD_MATCH = YES;
				COPY_PHASE_STRIP = NO;
				DEBUG_INFORMATION_FORMAT = dwarf;
				DEVELOPMENT_TEAM = 3W23VHPX8P;
				ENABLE_STRICT_OBJC_MSGSEND = YES;
				ENABLE_TESTABILITY = YES;
				ENABLE_USER_SCRIPT_SANDBOXING = YES;
				GCC_C_LANGUAGE_STANDARD = gnu17;
				GCC_DYNAMIC_NO_PIC = NO;
				GCC_NO_COMMON_BLOCKS = YES;
				GCC_OPTIMIZATION_LEVEL = 0;
				GCC_PREPROCESSOR_DEFINITIONS = (
					"DEBUG=1",
					"$(inherited)",
				);
				GCC_WARN_64_TO_32_BIT_CONVERSION = YES;
				GCC_WARN_ABOUT_RETURN_TYPE = YES_ERROR;
				GCC_WARN_UNDECLARED_SELECTOR = YES;
				GCC_WARN_UNINITIALIZED_AUTOS = YES_AGGRESSIVE;
				GCC_WARN_UNUSED_FUNCTION = YES;
				GCC_WARN_UNUSED_VARIABLE = YES;
				IPHONEOS_DEPLOYMENT_TARGET = 26.5;
				LOCALIZATION_PREFERS_STRING_CATALOGS = YES;
				MTL_ENABLE_DEBUG_INFO = INCLUDE_SOURCE;
				MTL_FAST_MATH = YES;
				ONLY_ACTIVE_ARCH = YES;
				SDKROOT = iphoneos;
				SWIFT_ACTIVE_COMPILATION_CONDITIONS = "DEBUG $(inherited)";
				SWIFT_OPTIMIZATION_LEVEL = "-Onone";
			};
			name = Debug;
		};
		6DC0CB31304F001E006C7F97 /* Release */ = {
			isa = XCBuildConfiguration;
			buildSettings = {
				ALWAYS_SEARCH_USER_PATHS = NO;
				ASSETCATALOG_COMPILER_GENERATE_SWIFT_ASSET_SYMBOL_EXTENSIONS = YES;
				CLANG_ANALYZER_NONNULL = YES;
				CLANG_ANALYZER_NUMBER_OBJECT_CONVERSION = YES_AGGRESSIVE;
				CLANG_CXX_LANGUAGE_STANDARD = "gnu++20";
				CLANG_ENABLE_MODULES = YES;
				CLANG_ENABLE_OBJC_ARC = YES;
				CLANG_ENABLE_OBJC_WEAK = YES;
				CLANG_WARN_BLOCK_CAPTURE_AUTORELEASING = YES;
				CLANG_WARN_BOOL_CONVERSION = YES;
				CLANG_WARN_COMMA = YES;
				CLANG_WARN_CONSTANT_CONVERSION = YES;
				CLANG_WARN_DEPRECATED_OBJC_IMPLEMENTATIONS = YES;
				CLANG_WARN_DIRECT_OBJC_ISA_USAGE = YES_ERROR;
				CLANG_WARN_DOCUMENTATION_COMMENTS = YES;
				CLANG_WARN_EMPTY_BODY = YES;
				CLANG_WARN_ENUM_CONVERSION = YES;
				CLANG_WARN_INFINITE_RECURSION = YES;
				CLANG_WARN_INT_CONVERSION = YES;
				CLANG_WARN_NON_LITERAL_NULL_CONVERSION = YES;
				CLANG_WARN_OBJC_IMPLICIT_RETAIN_SELF = YES;
				CLANG_WARN_OBJC_LITERAL_CONVERSION = YES;
				CLANG_WARN_OBJC_ROOT_CLASS = YES_ERROR;
				CLANG_WARN_QUOTED_INCLUDE_IN_FRAMEWORK_HEADER = YES;
				CLANG_WARN_RANGE_LOOP_ANALYSIS = YES;
				CLANG_WARN_STRICT_PROTOTYPES = YES;
				CLANG_WARN_SUSPICIOUS_MOVE = YES;
				CLANG_WARN_UNGUARDED_AVAILABILITY = YES_AGGRESSIVE;
				CLANG_WARN_UNREACHABLE_CODE = YES;
				CLANG_WARN__DUPLICATE_METHOD_MATCH = YES;
				COPY_PHASE_STRIP = NO;
				DEBUG_INFORMATION_FORMAT = "dwarf-with-dsym";
				DEVELOPMENT_TEAM = 3W23VHPX8P;
				ENABLE_NS_ASSERTIONS = NO;
				ENABLE_STRICT_OBJC_MSGSEND = YES;
				ENABLE_USER_SCRIPT_SANDBOXING = YES;
				GCC_C_LANGUAGE_STANDARD = gnu17;
				GCC_NO_COMMON_BLOCKS = YES;
				GCC_WARN_64_TO_32_BIT_CONVERSION = YES;
				GCC_WARN_ABOUT_RETURN_TYPE = YES_ERROR;
				GCC_WARN_UNDECLARED_SELECTOR = YES;
				GCC_WARN_UNINITIALIZED_AUTOS = YES_AGGRESSIVE;
				GCC_WARN_UNUSED_FUNCTION = YES;
				GCC_WARN_UNUSED_VARIABLE = YES;
				IPHONEOS_DEPLOYMENT_TARGET = 26.5;
				LOCALIZATION_PREFERS_STRING_CATALOGS = YES;
				MTL_ENABLE_DEBUG_INFO = NO;
				MTL_FAST_MATH = YES;
				SDKROOT = iphoneos;
				SWIFT_COMPILATION_MODE = wholemodule;
				VALIDATE_PRODUCT = YES;
			};
			name = Release;
		};
		6DC0CB33304F001E006C7F97 /* Debug */ = {
			isa = XCBuildConfiguration;
			buildSettings = {
				ASSETCATALOG_COMPILER_APPICON_NAME = AppIcon;
				ASSETCATALOG_COMPILER_GLOBAL_ACCENT_COLOR_NAME = AccentColor;
				CODE_SIGN_STYLE = Automatic;
				CURRENT_PROJECT_VERSION = 1;
				DEVELOPMENT_TEAM = 3W23VHPX8P;
				ENABLE_PREVIEWS = YES;
				GENERATE_INFOPLIST_FILE = YES;
				INFOPLIST_KEY_UIApplicationSceneManifest_Generation = YES;
				INFOPLIST_KEY_UIApplicationSupportsIndirectInputEvents = YES;
				INFOPLIST_KEY_UILaunchScreen_Generation = YES;
				INFOPLIST_KEY_UISupportedInterfaceOrientations = UIInterfaceOrientationPortrait;
				LD_RUNPATH_SEARCH_PATHS = (
					"$(inherited)",
					"@executable_path/Frameworks",
				);
				MARKETING_VERSION = 1.0;
				PRODUCT_BUNDLE_IDENTIFIER = com.rfebnur.NaturaPulse;
				PRODUCT_NAME = "$(TARGET_NAME)";
				STRING_CATALOG_GENERATE_SYMBOLS = YES;
				SWIFT_APPROACHABLE_CONCURRENCY = YES;
				SWIFT_DEFAULT_ACTOR_ISOLATION = nonisolated;
				SWIFT_EMIT_LOC_STRINGS = YES;
				SWIFT_UPCOMING_FEATURE_MEMBER_IMPORT_VISIBILITY = YES;
				SWIFT_VERSION = 5.0;
				TARGETED_DEVICE_FAMILY = "1,2";
			};
			name = Debug;
		};
		6DC0CB34304F001E006C7F97 /* Release */ = {
			isa = XCBuildConfiguration;
			buildSettings = {
				ASSETCATALOG_COMPILER_APPICON_NAME = AppIcon;
				ASSETCATALOG_COMPILER_GLOBAL_ACCENT_COLOR_NAME = AccentColor;
				CODE_SIGN_STYLE = Automatic;
				CURRENT_PROJECT_VERSION = 1;
				DEVELOPMENT_TEAM = 3W23VHPX8P;
				ENABLE_PREVIEWS = YES;
				GENERATE_INFOPLIST_FILE = YES;
				INFOPLIST_KEY_UIApplicationSceneManifest_Generation = YES;
				INFOPLIST_KEY_UIApplicationSupportsIndirectInputEvents = YES;
				INFOPLIST_KEY_UILaunchScreen_Generation = YES;
				INFOPLIST_KEY_UISupportedInterfaceOrientations = UIInterfaceOrientationPortrait;
				LD_RUNPATH_SEARCH_PATHS = (
					"$(inherited)",
					"@executable_path/Frameworks",
				);
				MARKETING_VERSION = 1.0;
				PRODUCT_BUNDLE_IDENTIFIER = com.rfebnur.NaturaPulse;
				PRODUCT_NAME = "$(TARGET_NAME)";
				STRING_CATALOG_GENERATE_SYMBOLS = YES;
				SWIFT_APPROACHABLE_CONCURRENCY = YES;
				SWIFT_DEFAULT_ACTOR_ISOLATION = nonisolated;
				SWIFT_EMIT_LOC_STRINGS = YES;
				SWIFT_UPCOMING_FEATURE_MEMBER_IMPORT_VISIBILITY = YES;
				SWIFT_VERSION = 5.0;
				TARGETED_DEVICE_FAMILY = "1,2";
			};
			name = Release;
		};
		6DC0CB36304F001E006C7F97 /* Debug */ = {
			isa = XCBuildConfiguration;
			buildSettings = {
				BUNDLE_LOADER = "$(TEST_HOST)";
				CODE_SIGN_STYLE = Automatic;
				CURRENT_PROJECT_VERSION = 1;
				DEVELOPMENT_TEAM = 3W23VHPX8P;
				GENERATE_INFOPLIST_FILE = YES;
				IPHONEOS_DEPLOYMENT_TARGET = 26.5;
				MARKETING_VERSION = 1.0;
				PRODUCT_BUNDLE_IDENTIFIER = com.rfebnur.NaturaPulseTests;
				PRODUCT_NAME = "$(TARGET_NAME)";
				STRING_CATALOG_GENERATE_SYMBOLS = NO;
				SWIFT_APPROACHABLE_CONCURRENCY = YES;
				SWIFT_EMIT_LOC_STRINGS = NO;
				SWIFT_UPCOMING_FEATURE_MEMBER_IMPORT_VISIBILITY = YES;
				SWIFT_VERSION = 5.0;
				TARGETED_DEVICE_FAMILY = "1,2";
				TEST_HOST = "$(BUILT_PRODUCTS_DIR)/NaturaPulse.app/$(BUNDLE_EXECUTABLE_FOLDER_PATH)/NaturaPulse";
			};
			name = Debug;
		};
		6DC0CB37304F001E006C7F97 /* Release */ = {
			isa = XCBuildConfiguration;
			buildSettings = {
				BUNDLE_LOADER = "$(TEST_HOST)";
				CODE_SIGN_STYLE = Automatic;
				CURRENT_PROJECT_VERSION = 1;
				DEVELOPMENT_TEAM = 3W23VHPX8P;
				GENERATE_INFOPLIST_FILE = YES;
				IPHONEOS_DEPLOYMENT_TARGET = 26.5;
				MARKETING_VERSION = 1.0;
				PRODUCT_BUNDLE_IDENTIFIER = com.rfebnur.NaturaPulseTests;
				PRODUCT_NAME = "$(TARGET_NAME)";
				STRING_CATALOG_GENERATE_SYMBOLS = NO;
				SWIFT_APPROACHABLE_CONCURRENCY = YES;
				SWIFT_EMIT_LOC_STRINGS = NO;
				SWIFT_UPCOMING_FEATURE_MEMBER_IMPORT_VISIBILITY = YES;
				SWIFT_VERSION = 5.0;
				TARGETED_DEVICE_FAMILY = "1,2";
				TEST_HOST = "$(BUILT_PRODUCTS_DIR)/NaturaPulse.app/$(BUNDLE_EXECUTABLE_FOLDER_PATH)/NaturaPulse";
			};
			name = Release;
		};
		6DC0CB39304F001E006C7F97 /* Debug */ = {
			isa = XCBuildConfiguration;
			buildSettings = {
				CODE_SIGN_STYLE = Automatic;
				CURRENT_PROJECT_VERSION = 1;
				DEVELOPMENT_TEAM = 3W23VHPX8P;
				GENERATE_INFOPLIST_FILE = YES;
				MARKETING_VERSION = 1.0;
				PRODUCT_BUNDLE_IDENTIFIER = com.rfebnur.NaturaPulseUITests;
				PRODUCT_NAME = "$(TARGET_NAME)";
				STRING_CATALOG_GENERATE_SYMBOLS = NO;
				SWIFT_APPROACHABLE_CONCURRENCY = YES;
				SWIFT_EMIT_LOC_STRINGS = NO;
				SWIFT_UPCOMING_FEATURE_MEMBER_IMPORT_VISIBILITY = YES;
				SWIFT_VERSION = 5.0;
				TARGETED_DEVICE_FAMILY = "1,2";
				TEST_TARGET_NAME = NaturaPulse;
			};
			name = Debug;
		};
		6DC0CB3A304F001E006C7F97 /* Release */ = {
			isa = XCBuildConfiguration;
			buildSettings = {
				CODE_SIGN_STYLE = Automatic;
				CURRENT_PROJECT_VERSION = 1;
				DEVELOPMENT_TEAM = 3W23VHPX8P;
				GENERATE_INFOPLIST_FILE = YES;
				MARKETING_VERSION = 1.0;
				PRODUCT_BUNDLE_IDENTIFIER = com.rfebnur.NaturaPulseUITests;
				PRODUCT_NAME = "$(TARGET_NAME)";
				STRING_CATALOG_GENERATE_SYMBOLS = NO;
				SWIFT_APPROACHABLE_CONCURRENCY = YES;
				SWIFT_EMIT_LOC_STRINGS = NO;
				SWIFT_UPCOMING_FEATURE_MEMBER_IMPORT_VISIBILITY = YES;
				SWIFT_VERSION = 5.0;
				TARGETED_DEVICE_FAMILY = "1,2";
				TEST_TARGET_NAME = NaturaPulse;
			};
			name = Release;
		};
/* End XCBuildConfiguration section */

/* Begin XCConfigurationList section */
		6DC0CB0C304F001C006C7F97 /* Build configuration list for PBXProject "NaturaPulse" */ = {
			isa = XCConfigurationList;
			buildConfigurations = (
				6DC0CB30304F001E006C7F97 /* Debug */,
				6DC0CB31304F001E006C7F97 /* Release */,
			);
			defaultConfigurationIsVisible = 0;
			defaultConfigurationName = Release;
		};
		6DC0CB32304F001E006C7F97 /* Build configuration list for PBXNativeTarget "NaturaPulse" */ = {
			isa = XCConfigurationList;
			buildConfigurations = (
				6DC0CB33304F001E006C7F97 /* Debug */,
				6DC0CB34304F001E006C7F97 /* Release */,
			);
			defaultConfigurationIsVisible = 0;
			defaultConfigurationName = Release;
		};
		6DC0CB35304F001E006C7F97 /* Build configuration list for PBXNativeTarget "NaturaPulseTests" */ = {
			isa = XCConfigurationList;
			buildConfigurations = (
				6DC0CB36304F001E006C7F97 /* Debug */,
				6DC0CB37304F001E006C7F97 /* Release */,
			);
			defaultConfigurationIsVisible = 0;
			defaultConfigurationName = Release;
		};
		6DC0CB38304F001E006C7F97 /* Build configuration list for PBXNativeTarget "NaturaPulseUITests" */ = {
			isa = XCConfigurationList;
			buildConfigurations = (
				6DC0CB39304F001E006C7F97 /* Debug */,
				6DC0CB3A304F001E006C7F97 /* Release */,
			);
			defaultConfigurationIsVisible = 0;
			defaultConfigurationName = Release;
		};
/* End XCConfigurationList section */

/* Begin XCRemoteSwiftPackageReference section */
		6DC0CB3B304F006D006C7F97 /* XCRemoteSwiftPackageReference "Kingfisher" */ = {
			isa = XCRemoteSwiftPackageReference;
			repositoryURL = "https://github.com/onevcat/Kingfisher.git";
			requirement = {
				kind = upToNextMajorVersion;
				minimumVersion = 8.12.0;
			};
		};
		6DC0CB3C304F00BC006C7F97 /* XCRemoteSwiftPackageReference "Swinject" */ = {
			isa = XCRemoteSwiftPackageReference;
			repositoryURL = "https://github.com/Swinject/Swinject";
			requirement = {
				kind = upToNextMajorVersion;
				minimumVersion = 2.10.0;
			};
		};
		6DC0CB3D304F0244006C7F97 /* XCRemoteSwiftPackageReference "alamofire" */ = {
			isa = XCRemoteSwiftPackageReference;
			repositoryURL = "https://github.com/alamofire/alamofire";
			requirement = {
				kind = upToNextMajorVersion;
				minimumVersion = 5.12.0;
			};
		};
		6DC0CB45304F06AA006C7F97 /* XCRemoteSwiftPackageReference "realm-swift" */ = {
			isa = XCRemoteSwiftPackageReference;
			repositoryURL = "https://github.com/realm/realm-swift";
			requirement = {
				kind = upToNextMajorVersion;
				minimumVersion = 20.0.5;
			};
		};
/* End XCRemoteSwiftPackageReference section */

/* Begin XCSwiftPackageProductDependency section */
		6D16985C3057915900EE7B65 /* Common */ = {
			isa = XCSwiftPackageProductDependency;
			productName = Common;
		};
		6D16985E3057915900EE7B65 /* ExploreFeature */ = {
			isa = XCSwiftPackageProductDependency;
			productName = ExploreFeature;
		};
		6D1698603057915900EE7B65 /* FieldGuideFeature */ = {
			isa = XCSwiftPackageProductDependency;
			productName = FieldGuideFeature;
		};
		6D1698623057915900EE7B65 /* SearchFeature */ = {
			isa = XCSwiftPackageProductDependency;
			productName = SearchFeature;
		};
		6D1698643057915900EE7B65 /* SpeciesDetailFeature */ = {
			isa = XCSwiftPackageProductDependency;
			productName = SpeciesDetailFeature;
		};
		6DC0CB3E304F0245006C7F97 /* Alamofire */ = {
			isa = XCSwiftPackageProductDependency;
			package = 6DC0CB3D304F0244006C7F97 /* XCRemoteSwiftPackageReference "alamofire" */;
			productName = Alamofire;
		};
		6DC0CB46304F06AA006C7F97 /* RealmSwift */ = {
			isa = XCSwiftPackageProductDependency;
			package = 6DC0CB45304F06AA006C7F97 /* XCRemoteSwiftPackageReference "realm-swift" */;
			productName = RealmSwift;
		};
		6DF23C29304F0A4700A3742B /* Kingfisher */ = {
			isa = XCSwiftPackageProductDependency;
			package = 6DC0CB3B304F006D006C7F97 /* XCRemoteSwiftPackageReference "Kingfisher" */;
			productName = Kingfisher;
		};
		6DF23C2B304F0A5400A3742B /* Swinject */ = {
			isa = XCSwiftPackageProductDependency;
			package = 6DC0CB3C304F00BC006C7F97 /* XCRemoteSwiftPackageReference "Swinject" */;
			productName = Swinject;
		};
		8F42F787DAE7CD7209CD2F36 /* RealmSwift */ = {
			isa = XCSwiftPackageProductDependency;
			package = 6DC0CB45304F06AA006C7F97 /* XCRemoteSwiftPackageReference "realm-swift" */;
			productName = RealmSwift;
		};
		A3B760134D7E327DA7CE5654 /* Swinject */ = {
			isa = XCSwiftPackageProductDependency;
			package = 6DC0CB3C304F00BC006C7F97 /* XCRemoteSwiftPackageReference "Swinject" */;
			productName = Swinject;
		};
/* End XCSwiftPackageProductDependency section */
	};
	rootObject = 6DC0CB09304F001C006C7F97 /* Project object */;
}
